
Microsoft Visual Studio Solution File, Format Version 12.00
# Visual Studio Version 16
VisualStudioVersion = 16.0.28803.352
MinimumVisualStudioVersion = 10.0.40219.1
Project("{9A19103F-16F7-4668-BE54-9A1E7A4F7556}") = "Auth.Api", "Auth.Api\Auth.Api.csproj", "{B66B06AF-B6FB-428E-BF8C-64E24C6EBABE}"
EndProject
Project("{2150E333-8FDC-42A3-9474-1A3956D46DE8}") = "Auth", "Auth", "{B3659E48-49BD-443F-ACE3-BFE7F3EB26B4}"
EndProject
Project("{2150E333-8FDC-42A3-9474-1A3956D46DE8}") = "Users", "Users", "{9B390BEB-71C7-45FA-9626-19B1374F2E5F}"
EndProject
Project("{2150E333-8FDC-42A3-9474-1A3956D46DE8}") = "Logs", "Logs", "{EDC4A599-CEAB-4099-B662-96A6E459FCA6}"
EndProject
Project("{FAE04EC0-301F-11D3-BF4B-00C04F79EFBC}") = "Logs.Api", "Logs.Api\Logs.Api.csproj", "{B8DEE232-F280-4BE3-85B0-40865B5B8B5F}"
EndProject
Project("{9A19103F-16F7-4668-BE54-9A1E7A4F7556}") = "Users.Api", "Users.Api\Users.Api.csproj", "{FD221037-321B-465F-A807-E0CA6790131A}"
EndProject
Project("{9A19103F-16F7-4668-BE54-9A1E7A4F7556}") = "Users.Migrations", "Users.Migrations\Users.Migrations.csproj", "{FAA382C8-DBE9-40EE-B882-A05515C1A3BB}"
EndProject
Project("{9A19103F-16F7-4668-BE54-9A1E7A4F7556}") = "Users.Contracts", "Users.Contracts\Users.Contracts.csproj", "{45A52A34-F09C-4AA3-826E-18E9120FE6CB}"
EndProject
Project("{9A19103F-16F7-4668-BE54-9A1E7A4F7556}") = "Users.UnitTests", "Users.UnitTests\Users.UnitTests.csproj", "{A5EC1FDD-1FE3-4E52-AEBA-060902E7B7AB}"
EndProject
Project("{9A19103F-16F7-4668-BE54-9A1E7A4F7556}") = "Auth.Contracts", "Auth.Contracts\Auth.Contracts.csproj", "{F9C8CD69-C7B6-4E8B-B25C-4E2E112C708B}"
EndProject
Project("{9A19103F-16F7-4668-BE54-9A1E7A4F7556}") = "Auth.UnitTests", "Auth.UnitTests\Auth.UnitTests.csproj", "{C1B7F6AA-A428-41E1-98D5-DB1BC654FB78}"
EndProject
Project("{FAE04EC0-301F-11D3-BF4B-00C04F79EFBC}") = "Logs.Migrations", "Logs.Migrations\Logs.Migrations.csproj", "{23EE0044-E243-40E5-A8D7-AFEE00211DE2}"
EndProject
Project("{FAE04EC0-301F-11D3-BF4B-00C04F79EFBC}") = "Logs.UnitTests", "Logs.UnitTests\Logs.UnitTests.csproj", "{267150C9-C924-43F6-8EF5-2061F2B2CEA6}"
EndProject
Project("{FAE04EC0-301F-11D3-BF4B-00C04F79EFBC}") = "Logs.Contracts", "Logs.Contracts\Logs.Contracts.csproj", "{9D96ECBF-019C-427D-B51E-5A8C8F1F0B02}"
EndProject
Project("{E53339B2-1760-4266-BCC7-CA923CBCF16C}") = "docker-compose", "docker-compose.dcproj", "{032AD7F5-05F7-4A4F-83E5-8313806FCDAF}"
EndProject
Global
	GlobalSection(SolutionConfigurationPlatforms) = preSolution
		Debug|Any CPU = Debug|Any CPU
		Release|Any CPU = Release|Any CPU
	EndGlobalSection
	GlobalSection(ProjectConfigurationPlatforms) = postSolution
		{B66B06AF-B6FB-428E-BF8C-64E24C6EBABE}.Debug|Any CPU.ActiveCfg = Debug|Any CPU
		{B66B06AF-B6FB-428E-BF8C-64E24C6EBABE}.Debug|Any CPU.Build.0 = Debug|Any CPU
		{B66B06AF-B6FB-428E-BF8C-64E24C6EBABE}.Release|Any CPU.ActiveCfg = Release|Any CPU
		{B66B06AF-B6FB-428E-BF8C-64E24C6EBABE}.Release|Any CPU.Build.0 = Release|Any CPU
		{B8DEE232-F280-4BE3-85B0-40865B5B8B5F}.Debug|Any CPU.ActiveCfg = Debug|Any CPU
		{B8DEE232-F280-4BE3-85B0-40865B5B8B5F}.Debug|Any CPU.Build.0 = Debug|Any CPU
		{B8DEE232-F280-4BE3-85B0-40865B5B8B5F}.Release|Any CPU.ActiveCfg = Release|Any CPU
		{B8DEE232-F280-4BE3-85B0-40865B5B8B5F}.Release|Any CPU.Build.0 = Release|Any CPU
		{FD221037-321B-465F-A807-E0CA6790131A}.Debug|Any CPU.ActiveCfg = Debug|Any CPU
		{FD221037-321B-465F-A807-E0CA6790131A}.Debug|Any CPU.Build.0 = Debug|Any CPU
		{FD221037-321B-465F-A807-E0CA6790131A}.Release|Any CPU.ActiveCfg = Release|Any CPU
		{FD221037-321B-465F-A807-E0CA6790131A}.Release|Any CPU.Build.0 = Release|Any CPU
		{FAA382C8-DBE9-40EE-B882-A05515C1A3BB}.Debug|Any CPU.ActiveCfg = Debug|Any CPU
		{FAA382C8-DBE9-40EE-B882-A05515C1A3BB}.Debug|Any CPU.Build.0 = Debug|Any CPU
		{FAA382C8-DBE9-40EE-B882-A05515C1A3BB}.Release|Any CPU.ActiveCfg = Release|Any CPU
		{FAA382C8-DBE9-40EE-B882-A05515C1A3BB}.Release|Any CPU.Build.0 = Release|Any CPU
		{45A52A34-F09C-4AA3-826E-18E9120FE6CB}.Debug|Any CPU.ActiveCfg = Debug|Any CPU
		{45A52A34-F09C-4AA3-826E-18E9120FE6CB}.Debug|Any CPU.Build.0 = Debug|Any CPU
		{45A52A34-F09C-4AA3-826E-18E9120FE6CB}.Release|Any CPU.ActiveCfg = Release|Any CPU
		{45A52A34-F09C-4AA3-826E-18E9120FE6CB}.Release|Any CPU.Build.0 = Release|Any CPU
		{A5EC1FDD-1FE3-4E52-AEBA-060902E7B7AB}.Debug|Any CPU.ActiveCfg = Debug|Any CPU
		{A5EC1FDD-1FE3-4E52-AEBA-060902E7B7AB}.Debug|Any CPU.Build.0 = Debug|Any CPU
		{A5EC1FDD-1FE3-4E52-AEBA-060902E7B7AB}.Release|Any CPU.ActiveCfg = Release|Any CPU
		{A5EC1FDD-1FE3-4E52-AEBA-060902E7B7AB}.Release|Any CPU.Build.0 = Release|Any CPU
		{F9C8CD69-C7B6-4E8B-B25C-4E2E112C708B}.Debug|Any CPU.ActiveCfg = Debug|Any CPU
		{F9C8CD69-C7B6-4E8B-B25C-4E2E112C708B}.Debug|Any CPU.Build.0 = Debug|Any CPU
		{F9C8CD69-C7B6-4E8B-B25C-4E2E112C708B}.Release|Any CPU.ActiveCfg = Release|Any CPU
		{F9C8CD69-C7B6-4E8B-B25C-4E2E112C708B}.Release|Any CPU.Build.0 = Release|Any CPU
		{C1B7F6AA-A428-41E1-98D5-DB1BC654FB78}.Debug|Any CPU.ActiveCfg = Debug|Any CPU
		{C1B7F6AA-A428-41E1-98D5-DB1BC654FB78}.Debug|Any CPU.Build.0 = Debug|Any CPU
		{C1B7F6AA-A428-41E1-98D5-DB1BC654FB78}.Release|Any CPU.ActiveCfg = Release|Any CPU
		{C1B7F6AA-A428-41E1-98D5-DB1BC654FB78}.Release|Any CPU.Build.0 = Release|Any CPU
		{23EE0044-E243-40E5-A8D7-AFEE00211DE2}.Debug|Any CPU.ActiveCfg = Debug|Any CPU
		{23EE0044-E243-40E5-A8D7-AFEE00211DE2}.Debug|Any CPU.Build.0 = Debug|Any CPU
		{23EE0044-E243-40E5-A8D7-AFEE00211DE2}.Release|Any CPU.ActiveCfg = Release|Any CPU
		{23EE0044-E243-40E5-A8D7-AFEE00211DE2}.Release|Any CPU.Build.0 = Release|Any CPU
		{267150C9-C924-43F6-8EF5-2061F2B2CEA6}.Debug|Any CPU.ActiveCfg = Debug|Any CPU
		{267150C9-C924-43F6-8EF5-2061F2B2CEA6}.Debug|Any CPU.Build.0 = Debug|Any CPU
		{267150C9-C924-43F6-8EF5-2061F2B2CEA6}.Release|Any CPU.ActiveCfg = Release|Any CPU
		{267150C9-C924-43F6-8EF5-2061F2B2CEA6}.Release|Any CPU.Build.0 = Release|Any CPU
		{9D96ECBF-019C-427D-B51E-5A8C8F1F0B02}.Debug|Any CPU.ActiveCfg = Debug|Any CPU
		{9D96ECBF-019C-427D-B51E-5A8C8F1F0B02}.Debug|Any CPU.Build.0 = Debug|Any CPU
		{9D96ECBF-019C-427D-B51E-5A8C8F1F0B02}.Release|Any CPU.ActiveCfg = Release|Any CPU
		{9D96ECBF-019C-427D-B51E-5A8C8F1F0B02}.Release|Any CPU.Build.0 = Release|Any CPU
		{032AD7F5-05F7-4A4F-83E5-8313806FCDAF}.Debug|Any CPU.ActiveCfg = Debug|Any CPU
		{032AD7F5-05F7-4A4F-83E5-8313806FCDAF}.Debug|Any CPU.Build.0 = Debug|Any CPU
		{032AD7F5-05F7-4A4F-83E5-8313806FCDAF}.Release|Any CPU.ActiveCfg = Release|Any CPU
		{032AD7F5-05F7-4A4F-83E5-8313806FCDAF}.Release|Any CPU.Build.0 = Release|Any CPU
	EndGlobalSection
	GlobalSection(SolutionProperties) = preSolution
		HideSolutionNode = FALSE
	EndGlobalSection
	GlobalSection(NestedProjects) = preSolution
		{B66B06AF-B6FB-428E-BF8C-64E24C6EBABE} = {B3659E48-49BD-443F-ACE3-BFE7F3EB26B4}
		{B8DEE232-F280-4BE3-85B0-40865B5B8B5F} = {EDC4A599-CEAB-4099-B662-96A6E459FCA6}
		{FD221037-321B-465F-A807-E0CA6790131A} = {9B390BEB-71C7-45FA-9626-19B1374F2E5F}
		{FAA382C8-DBE9-40EE-B882-A05515C1A3BB} = {9B390BEB-71C7-45FA-9626-19B1374F2E5F}
		{45A52A34-F09C-4AA3-826E-18E9120FE6CB} = {9B390BEB-71C7-45FA-9626-19B1374F2E5F}
		{A5EC1FDD-1FE3-4E52-AEBA-060902E7B7AB} = {9B390BEB-71C7-45FA-9626-19B1374F2E5F}
		{F9C8CD69-C7B6-4E8B-B25C-4E2E112C708B} = {B3659E48-49BD-443F-ACE3-BFE7F3EB26B4}
		{C1B7F6AA-A428-41E1-98D5-DB1BC654FB78} = {B3659E48-49BD-443F-ACE3-BFE7F3EB26B4}
		{23EE0044-E243-40E5-A8D7-AFEE00211DE2} = {EDC4A599-CEAB-4099-B662-96A6E459FCA6}
		{267150C9-C924-43F6-8EF5-2061F2B2CEA6} = {EDC4A599-CEAB-4099-B662-96A6E459FCA6}
		{9D96ECBF-019C-427D-B51E-5A8C8F1F0B02} = {EDC4A599-CEAB-4099-B662-96A6E459FCA6}
	EndGlobalSection
	GlobalSection(ExtensibilityGlobals) = postSolution
		SolutionGuid = {3C833D29-540B-43AF-A8A3-08A00F74D645}
	EndGlobalSection
EndGlobal
